
Microsoft Visual Studio Solution File, Format Version 12.00
# Visual Studio Version 16
VisualStudioVersion = 16.0.29613.14
MinimumVisualStudioVersion = 10.0.40219.1
Project("{FAE04EC0-301F-11D3-BF4B-00C04F79EFBC}") = "LCCapstone", "LCCapstone.csproj", "{F3A9EE49-E48F-43BD-A8E6-2599CDEF6A3B}"
EndProject
Global
	GlobalSection(SolutionConfigurationPlatforms) = preSolution
		Debug|Any CPU = Debug|Any CPU
		Release|Any CPU = Release|Any CPU
	EndGlobalSection
	GlobalSection(ProjectConfigurationPlatforms) = postSolution
		{F3A9EE49-E48F-43BD-A8E6-2599CDEF6A3B}.Debug|Any CPU.ActiveCfg = Debug|Any CPU
		{F3A9EE49-E48F-43BD-A8E6-2599CDEF6A3B}.Debug|Any CPU.Build.0 = Debug|Any CPU
		{F3A9EE49-E48F-43BD-A8E6-2599CDEF6A3B}.Release|Any CPU.ActiveCfg = Release|Any CPU
		{F3A9EE49-E48F-43BD-A8E6-2599CDEF6A3B}.Release|Any CPU.Build.0 = Release|Any CPU
	EndGlobalSection
	GlobalSection(SolutionProperties) = preSolution
		HideSolutionNode = FALSE
	EndGlobalSection
	GlobalSection(ExtensibilityGlobals) = postSolution
		SolutionGuid = {17EA5EE1-1AAE-40F7-B0A5-1A72038706AF}
	EndGlobalSection
EndGlobal
